
Microsoft Visual Studio Solution File, Format Version 12.00
# Visual Studio Version 16
VisualStudioVersion = 16.0.810.10
MinimumVisualStudioVersion = 10.0.40219.1
Project("{FAE04EC0-301F-11D3-BF4B-00C04F79EFBC}") = "WorkWebApp", "WorkWebApp.csproj", "{9EB5D440-D1D5-4063-8E78-334A3646E66E}"
EndProject
Global
	GlobalSection(SolutionConfigurationPlatforms) = preSolution
		Debug|Any CPU = Debug|Any CPU
		Release|Any CPU = Release|Any CPU
	EndGlobalSection
	GlobalSection(ProjectConfigurationPlatforms) = postSolution
		{9EB5D440-D1D5-4063-8E78-334A3646E66E}.Debug|Any CPU.ActiveCfg = Debug|Any CPU
		{9EB5D440-D1D5-4063-8E78-334A3646E66E}.Debug|Any CPU.Build.0 = Debug|Any CPU
		{9EB5D440-D1D5-4063-8E78-334A3646E66E}.Release|Any CPU.ActiveCfg = Release|Any CPU
		{9EB5D440-D1D5-4063-8E78-334A3646E66E}.Release|Any CPU.Build.0 = Release|Any CPU
	EndGlobalSection
	GlobalSection(SolutionProperties) = preSolution
		HideSolutionNode = FALSE
	EndGlobalSection
	GlobalSection(ExtensibilityGlobals) = postSolution
		SolutionGuid = {664AC88A-385A-4178-AA8B-7DECA990EF4E}
	EndGlobalSection
EndGlobal
